
Microsoft Visual Studio Solution File, Format Version 12.00
# Visual Studio Version 17
VisualStudioVersion = 17.10.34607.79
MinimumVisualStudioVersion = 10.0.40219.1
Project("{9A19103F-16F7-4668-BE54-9A1E7A4F7556}") = "BlazorClassBasedThemeChanger", "BlazorClassBasedThemeChanger.csproj", "{D717A0E3-346C-49D5-AEC6-F1F6C3F3ED57}"
EndProject
Global
	GlobalSection(SolutionConfigurationPlatforms) = preSolution
		Debug|Any CPU = Debug|Any CPU
		Release|Any CPU = Release|Any CPU
	EndGlobalSection
	GlobalSection(ProjectConfigurationPlatforms) = postSolution
		{D717A0E3-346C-49D5-AEC6-F1F6C3F3ED57}.Debug|Any CPU.ActiveCfg = Debug|Any CPU
		{D717A0E3-346C-49D5-AEC6-F1F6C3F3ED57}.Debug|Any CPU.Build.0 = Debug|Any CPU
		{D717A0E3-346C-49D5-AEC6-F1F6C3F3ED57}.Release|Any CPU.ActiveCfg = Release|Any CPU
		{D717A0E3-346C-49D5-AEC6-F1F6C3F3ED57}.Release|Any CPU.Build.0 = Release|Any CPU
	EndGlobalSection
	GlobalSection(SolutionProperties) = preSolution
		HideSolutionNode = FALSE
	EndGlobalSection
	GlobalSection(ExtensibilityGlobals) = postSolution
		SolutionGuid = {2F7EB26B-D554-4BDF-ADC7-E1CFA7E33074}
	EndGlobalSection
EndGlobal
